
Microsoft Visual Studio Solution File, Format Version 12.00
# Visual Studio Version 17
VisualStudioVersion = 17.4.33103.184
MinimumVisualStudioVersion = 10.0.40219.1
Project("{9A19103F-16F7-4668-BE54-9A1E7A4F7556}") = "VoltBot", "VoltBot\VoltBot.csproj", "{B38342DC-0F96-4287-9128-0101FD8AFABA}"
EndProject
Global
	GlobalSection(SolutionConfigurationPlatforms) = preSolution
		Debug|Any CPU = Debug|Any CPU
		Release|Any CPU = Release|Any CPU
	EndGlobalSection
	GlobalSection(ProjectConfigurationPlatforms) = postSolution
		{B38342DC-0F96-4287-9128-0101FD8AFABA}.Debug|Any CPU.ActiveCfg = Debug|Any CPU
		{B38342DC-0F96-4287-9128-0101FD8AFABA}.Debug|Any CPU.Build.0 = Debug|Any CPU
		{B38342DC-0F96-4287-9128-0101FD8AFABA}.Release|Any CPU.ActiveCfg = Release|Any CPU
		{B38342DC-0F96-4287-9128-0101FD8AFABA}.Release|Any CPU.Build.0 = Release|Any CPU
	EndGlobalSection
	GlobalSection(SolutionProperties) = preSolution
		HideSolutionNode = FALSE
	EndGlobalSection
	GlobalSection(ExtensibilityGlobals) = postSolution
		SolutionGuid = {1DEEB219-D9C0-4A3B-B58C-C07C0B6F2BB0}
	EndGlobalSection
EndGlobal
